
Microsoft Visual Studio Solution File, Format Version 12.00
# Visual Studio 15
VisualStudioVersion = 15.0.27703.2000
MinimumVisualStudioVersion = 10.0.40219.1
Project("{FAE04EC0-301F-11D3-BF4B-00C04F79EFBC}") = "Zamagon.WPF", "Zamagon.UI\Zamagon.WPF\Zamagon.WPF.csproj", "{66723D55-0336-47AD-9460-D45661D5BB02}"
EndProject
Project("{9A19103F-16F7-4668-BE54-9A1E7A4F7556}") = "Zamagon.Web", "Zamagon.UI\Zamagon.Web\Zamagon.Web.csproj", "{D089D7F1-7E4E-410A-83AF-A2DAC8CD7724}"
EndProject
Project("{9A19103F-16F7-4668-BE54-9A1E7A4F7556}") = "Zamagon.Domain", "Zamagon\Zamagon.Domain\Zamagon.Domain.csproj", "{4C291394-23C3-4163-B525-C5BCC5284533}"
EndProject
Project("{9A19103F-16F7-4668-BE54-9A1E7A4F7556}") = "Zamagon.Model", "Zamagon\Zamagon.Model\Zamagon.Model.csproj", "{EB1B9DD4-8010-4FC3-9A36-20B0C57D20E2}"
EndProject
Project("{9A19103F-16F7-4668-BE54-9A1E7A4F7556}") = "Zamagon.Services.Common", "Zamagon\Zamagon.Services.Common\Zamagon.Services.Common.csproj", "{82A48A89-7CB5-4E42-B008-9EB08933836A}"
EndProject
Project("{9A19103F-16F7-4668-BE54-9A1E7A4F7556}") = "Zamagon.Services.BackOffice", "Zamagon\Zamagon.Services.BackOffice\Zamagon.Services.BackOffice.csproj", "{35ECCC21-C46A-4D13-AF83-8C8FED8C7050}"
EndProject
Project("{9A19103F-16F7-4668-BE54-9A1E7A4F7556}") = "Zamagon.Services.StoreFront", "Zamagon\Zamagon.Services.StoreFront\Zamagon.Services.StoreFront.csproj", "{AF5A69D3-52A6-4E32-96C2-954D68A0EC9B}"
EndProject
Global
	GlobalSection(SolutionConfigurationPlatforms) = preSolution
		Debug|Any CPU = Debug|Any CPU
		Release|Any CPU = Release|Any CPU
	EndGlobalSection
	GlobalSection(ProjectConfigurationPlatforms) = postSolution
		{66723D55-0336-47AD-9460-D45661D5BB02}.Debug|Any CPU.ActiveCfg = Debug|Any CPU
		{66723D55-0336-47AD-9460-D45661D5BB02}.Debug|Any CPU.Build.0 = Debug|Any CPU
		{66723D55-0336-47AD-9460-D45661D5BB02}.Release|Any CPU.ActiveCfg = Release|Any CPU
		{66723D55-0336-47AD-9460-D45661D5BB02}.Release|Any CPU.Build.0 = Release|Any CPU
		{D089D7F1-7E4E-410A-83AF-A2DAC8CD7724}.Debug|Any CPU.ActiveCfg = Debug|Any CPU
		{D089D7F1-7E4E-410A-83AF-A2DAC8CD7724}.Debug|Any CPU.Build.0 = Debug|Any CPU
		{D089D7F1-7E4E-410A-83AF-A2DAC8CD7724}.Release|Any CPU.ActiveCfg = Release|Any CPU
		{D089D7F1-7E4E-410A-83AF-A2DAC8CD7724}.Release|Any CPU.Build.0 = Release|Any CPU
		{4C291394-23C3-4163-B525-C5BCC5284533}.Debug|Any CPU.ActiveCfg = Debug|Any CPU
		{4C291394-23C3-4163-B525-C5BCC5284533}.Debug|Any CPU.Build.0 = Debug|Any CPU
		{4C291394-23C3-4163-B525-C5BCC5284533}.Release|Any CPU.ActiveCfg = Release|Any CPU
		{4C291394-23C3-4163-B525-C5BCC5284533}.Release|Any CPU.Build.0 = Release|Any CPU
		{EB1B9DD4-8010-4FC3-9A36-20B0C57D20E2}.Debug|Any CPU.ActiveCfg = Debug|Any CPU
		{EB1B9DD4-8010-4FC3-9A36-20B0C57D20E2}.Debug|Any CPU.Build.0 = Debug|Any CPU
		{EB1B9DD4-8010-4FC3-9A36-20B0C57D20E2}.Release|Any CPU.ActiveCfg = Release|Any CPU
		{EB1B9DD4-8010-4FC3-9A36-20B0C57D20E2}.Release|Any CPU.Build.0 = Release|Any CPU
		{82A48A89-7CB5-4E42-B008-9EB08933836A}.Debug|Any CPU.ActiveCfg = Debug|Any CPU
		{82A48A89-7CB5-4E42-B008-9EB08933836A}.Debug|Any CPU.Build.0 = Debug|Any CPU
		{82A48A89-7CB5-4E42-B008-9EB08933836A}.Release|Any CPU.ActiveCfg = Release|Any CPU
		{82A48A89-7CB5-4E42-B008-9EB08933836A}.Release|Any CPU.Build.0 = Release|Any CPU
		{35ECCC21-C46A-4D13-AF83-8C8FED8C7050}.Debug|Any CPU.ActiveCfg = Debug|Any CPU
		{35ECCC21-C46A-4D13-AF83-8C8FED8C7050}.Debug|Any CPU.Build.0 = Debug|Any CPU
		{35ECCC21-C46A-4D13-AF83-8C8FED8C7050}.Release|Any CPU.ActiveCfg = Release|Any CPU
		{35ECCC21-C46A-4D13-AF83-8C8FED8C7050}.Release|Any CPU.Build.0 = Release|Any CPU
		{AF5A69D3-52A6-4E32-96C2-954D68A0EC9B}.Debug|Any CPU.ActiveCfg = Debug|Any CPU
		{AF5A69D3-52A6-4E32-96C2-954D68A0EC9B}.Debug|Any CPU.Build.0 = Debug|Any CPU
		{AF5A69D3-52A6-4E32-96C2-954D68A0EC9B}.Release|Any CPU.ActiveCfg = Release|Any CPU
		{AF5A69D3-52A6-4E32-96C2-954D68A0EC9B}.Release|Any CPU.Build.0 = Release|Any CPU
	EndGlobalSection
	GlobalSection(SolutionProperties) = preSolution
		HideSolutionNode = FALSE
	EndGlobalSection
	GlobalSection(ExtensibilityGlobals) = postSolution
		SolutionGuid = {C0D59D3F-1CF6-41F5-89A5-B2C20B66843A}
	EndGlobalSection
EndGlobal
